
Microsoft Visual Studio Solution File, Format Version 12.00
# Visual Studio Version 16
VisualStudioVersion = 16.0.30517.126
MinimumVisualStudioVersion = 10.0.40219.1
Project("{FAE04EC0-301F-11D3-BF4B-00C04F79EFBC}") = "NetCore_MediatR_Example", "NetCore_MediatR_Example\NetCore_MediatR_Example.csproj", "{A1D07AEF-92B4-48D3-85FB-778025E577EA}"
EndProject
Global
	GlobalSection(SolutionConfigurationPlatforms) = preSolution
		Debug|Any CPU = Debug|Any CPU
		Release|Any CPU = Release|Any CPU
	EndGlobalSection
	GlobalSection(ProjectConfigurationPlatforms) = postSolution
		{A1D07AEF-92B4-48D3-85FB-778025E577EA}.Debug|Any CPU.ActiveCfg = Debug|Any CPU
		{A1D07AEF-92B4-48D3-85FB-778025E577EA}.Debug|Any CPU.Build.0 = Debug|Any CPU
		{A1D07AEF-92B4-48D3-85FB-778025E577EA}.Release|Any CPU.ActiveCfg = Release|Any CPU
		{A1D07AEF-92B4-48D3-85FB-778025E577EA}.Release|Any CPU.Build.0 = Release|Any CPU
	EndGlobalSection
	GlobalSection(SolutionProperties) = preSolution
		HideSolutionNode = FALSE
	EndGlobalSection
	GlobalSection(ExtensibilityGlobals) = postSolution
		SolutionGuid = {4B3E9EAA-8920-42F9-9404-52B98D8328E7}
	EndGlobalSection
EndGlobal
